
Microsoft Visual Studio Solution File, Format Version 12.00
# Visual Studio Version 16
VisualStudioVersion = 16.0.33130.400
MinimumVisualStudioVersion = 10.0.40219.1
Project("{FAE04EC0-301F-11D3-BF4B-00C04F79EFBC}") = "week3-v3", "week3-v3\week3-v3.csproj", "{7D6304C3-2A9E-417E-B22F-CAFE859F2227}"
EndProject
Global
	GlobalSection(SolutionConfigurationPlatforms) = preSolution
		Debug|Any CPU = Debug|Any CPU
		Release|Any CPU = Release|Any CPU
	EndGlobalSection
	GlobalSection(ProjectConfigurationPlatforms) = postSolution
		{7D6304C3-2A9E-417E-B22F-CAFE859F2227}.Debug|Any CPU.ActiveCfg = Debug|Any CPU
		{7D6304C3-2A9E-417E-B22F-CAFE859F2227}.Debug|Any CPU.Build.0 = Debug|Any CPU
		{7D6304C3-2A9E-417E-B22F-CAFE859F2227}.Release|Any CPU.ActiveCfg = Release|Any CPU
		{7D6304C3-2A9E-417E-B22F-CAFE859F2227}.Release|Any CPU.Build.0 = Release|Any CPU
	EndGlobalSection
	GlobalSection(SolutionProperties) = preSolution
		HideSolutionNode = FALSE
	EndGlobalSection
	GlobalSection(ExtensibilityGlobals) = postSolution
		SolutionGuid = {936B6B2E-A27B-49A2-B19F-05FFBCEF2D7E}
	EndGlobalSection
EndGlobal
